{
  "nodes": {
    "crista": {
      "inputs": {
        "nixpkgs": [
          "nixpkgs"
        ],
        "treefmt-nix": []
      },
      "locked": {
        "lastModified": 1785886396,
        "narHash": "sha256-oEvX/y7O9BLoWgimVFvG0K8IxHhhYuYlXZx9wGGymHw=",
        "owner": "akirak",
        "repo": "crista",
        "rev": "c0eab915e4d10009e840f9dbf023a77436532e03",
        "type": "github"
      },
      "original": {
        "owner": "akirak",
        "repo": "crista",
        "type": "github"
      }
    },
    "nixpkgs": {
      "inputs": {
        "nixpkgs": "nixpkgs_2"
      },
      "locked": {
        "lastModified": 1785654902,
        "narHash": "sha256-/esNwVDHpbZznWlLR0JAN+49UNsv6EtjMHQdQb1vP6M=",
        "owner": "nix-ocaml",
        "repo": "nix-overlays",
        "rev": "e3ae7632406cb721714df45b1bf51c482784e8ae",
        "type": "github"
      },
      "original": {
        "owner": "nix-ocaml",
        "repo": "nix-overlays",
        "type": "github"
      }
    },
    "nixpkgs_2": {
      "locked": {
        "lastModified": 1785638663,
        "narHash": "sha256-yt6kjAgY29W8au8gDWX1NYSjkQBSSuedo43n7Mke4Uk=",
        "owner": "NixOS",
        "repo": "nixpkgs",
        "rev": "0b9e82138431f31772b103d3957994fb254dd5e8",
        "type": "github"
      },
      "original": {
        "owner": "NixOS",
        "repo": "nixpkgs",
        "rev": "0b9e82138431f31772b103d3957994fb254dd5e8",
        "type": "github"
      }
    },
    "root": {
      "inputs": {
        "crista": "crista",
        "nixpkgs": "nixpkgs"
      }
    }
  },
  "root": "root",
  "version": 7
}
