{
  "nodes": {
    "crista": {
      "inputs": {
        "nixpkgs": [
          "nixpkgs"
        ],
        "treefmt-nix": []
      },
      "locked": {
        "lastModified": 1785886396,
        "narHash": "sha256-oEvX/y7O9BLoWgimVFvG0K8IxHhhYuYlXZx9wGGymHw=",
        "owner": "akirak",
        "repo": "crista",
        "rev": "c0eab915e4d10009e840f9dbf023a77436532e03",
        "type": "github"
      },
      "original": {
        "owner": "akirak",
        "repo": "crista",
        "type": "github"
      }
    },
    "nixpkgs": {
      "inputs": {
        "nixpkgs": "nixpkgs_2"
      },
      "locked": {
        "lastModified": 1785654902,
        "narHash": "sha256-/esNwVDHpbZznWlLR0JAN+49UNsv6EtjMHQdQb1vP6M=",
        "owner": "nix-ocaml",
        "repo": "nix-overlays",
        "rev": "e3ae7632406cb721714df45b1bf51c482784e8ae",
        "type": "github"
      },
      "original": {
        "owner": "nix-ocaml",
        "repo": "nix-overlays",
        "type": "github"
      }
    },
    "nixpkgs_2": {
      "locked": {
        "lastModified": 1785638663,
        "narHash": "sha256-yt6kjAgY29W8au8gDWX1NYSjkQBSSuedo43n7Mke4Uk=",
        "owner": "NixOS",
        "repo": "nixpkgs",
        "rev": "0b9e82138431f31772b103d3957994fb254dd5e8",
        "type": "github"
      },
      "original": {
        "owner": "NixOS",
        "repo": "nixpkgs",
        "rev": "0b9e82138431f31772b103d3957994fb254dd5e8",
        "type": "github"
      }
    },
    "nixpkgs_3": {
      "locked": {
        "lastModified": 1770107345,
        "narHash": "sha256-tbS0Ebx2PiA1FRW8mt8oejR0qMXmziJmPaU1d4kYY9g=",
        "owner": "nixos",
        "repo": "nixpkgs",
        "rev": "4533d9293756b63904b7238acb84ac8fe4c8c2c4",
        "type": "github"
      },
      "original": {
        "owner": "nixos",
        "ref": "nixpkgs-unstable",
        "repo": "nixpkgs",
        "type": "github"
      }
    },
    "root": {
      "inputs": {
        "crista": "crista",
        "nixpkgs": "nixpkgs",
        "treefmt-nix": "treefmt-nix"
      }
    },
    "treefmt-nix": {
      "inputs": {
        "nixpkgs": "nixpkgs_3"
      },
      "locked": {
        "lastModified": 1785945821,
        "narHash": "sha256-NLSyTCW4K4ofhNBllt3omPasm6QpralXH1DBZOc91Dw=",
        "owner": "numtide",
        "repo": "treefmt-nix",
        "rev": "ae7910970dddc408fe6ab1c8e4b277bb21d72dc0",
        "type": "github"
      },
      "original": {
        "owner": "numtide",
        "repo": "treefmt-nix",
        "type": "github"
      }
    }
  },
  "root": "root",
  "version": 7
}
