name: Update flake.lock

on:
  schedule:
    - cron: "0 0 */5 * *"
  workflow_dispatch:

permissions:
  contents: write

jobs:
  update:
    runs-on: ubuntu-latest
    steps:
      - name: Check out repository
        uses: actions/checkout@3d3c42e5aac5ba805825da76410c181273ba90b1 # v7.0.1
        with:
          persist-credentials: false

      - name: Set up Nix
        uses: ./.github/actions/setup

      - name: Update flake.lock
        run: nix flake update --inputs-from github:akirak/flake-pins --override-input nixpkgs ocaml-overlays

      - name: Create pull request
        uses: peter-evans/create-pull-request@5f6978faf089d4d20b00c7766989d076bb2fc7f1 # v8.1.1
        with:
          commit-message: Update flake.lock
          title: Update flake.lock
          body: Automated update of flake.lock.
          branch: update-flake-lock
